// !$*UTF8*$!
{
	archiveVersion = 1;
	classes = {
	};
	objectVersion = 56;
	objects = {

/* Begin PBXBuildFile section */
		FEEE6BE229D6EA14003F89D3 /* AppDelegate.swift in Sources */ = {isa = PBXBuildFile; fileRef = FEEE6BE129D6EA14003F89D3 /* AppDelegate.swift */; };
		FEEE6BE429D6EA14003F89D3 /* SceneDelegate.swift in Sources */ = {isa = PBXBuildFile; fileRef = FEEE6BE329D6EA14003F89D3 /* SceneDelegate.swift */; };
		FEEE6BE629D6EA14003F89D3 /* GameListViewController.swift in Sources */ = {isa = PBXBuildFile; fileRef = FEEE6BE529D6EA14003F89D3 /* GameListViewController.swift */; };
		FEEE6BEB29D6EA16003F89D3 /* Assets.xcassets in Resources */ = {isa = PBXBuildFile; fileRef = FEEE6BEA29D6EA16003F89D3 /* Assets.xcassets */; };
		FEEE6BF729D6EEF9003F89D3 /* SnapKit in Frameworks */ = {isa = PBXBuildFile; productRef = FEEE6BF629D6EEF9003F89D3 /* SnapKit */; };
		FEEE6BFA29D6EFC5003F89D3 /* APIManager.swift in Sources */ = {isa = PBXBuildFile; fileRef = FEEE6BF929D6EFC5003F89D3 /* APIManager.swift */; };
		FEEE6BFD29D6F000003F89D3 /* Game.swift in Sources */ = {isa = PBXBuildFile; fileRef = FEEE6BFC29D6F000003F89D3 /* Game.swift */; };
		FEEE6BFF29D6F037003F89D3 /* Genre.swift in Sources */ = {isa = PBXBuildFile; fileRef = FEEE6BFE29D6F037003F89D3 /* Genre.swift */; };
		FEEE6C0129D6F17C003F89D3 /* GameResponse.swift in Sources */ = {isa = PBXBuildFile; fileRef = FEEE6C0029D6F17C003F89D3 /* GameResponse.swift */; };
		FEEE6C0429D6F438003F89D3 /* GameDetailsViewController.swift in Sources */ = {isa = PBXBuildFile; fileRef = FEEE6C0329D6F438003F89D3 /* GameDetailsViewController.swift */; };
		FEEE6C0629D6FAC6003F89D3 /* OnboardingViewController.swift in Sources */ = {isa = PBXBuildFile; fileRef = FEEE6C0529D6FAC6003F89D3 /* OnboardingViewController.swift */; };
		FEEE6C0829D6FEAE003F89D3 /* SettingsViewController.swift in Sources */ = {isa = PBXBuildFile; fileRef = FEEE6C0729D6FEAE003F89D3 /* SettingsViewController.swift */; };
		FEEE6C0A29D702D6003F89D3 /* UserSettings.swift in Sources */ = {isa = PBXBuildFile; fileRef = FEEE6C0929D702D6003F89D3 /* UserSettings.swift */; };
/* End PBXBuildFile section */

/* Begin PBXFileReference section */
		FEEE6BDE29D6EA14003F89D3 /* SearchGamesApp.app */ = {isa = PBXFileReference; explicitFileType = wrapper.application; includeInIndex = 0; path = SearchGamesApp.app; sourceTree = BUILT_PRODUCTS_DIR; };
		FEEE6BE129D6EA14003F89D3 /* AppDelegate.swift */ = {isa = PBXFileReference; lastKnownFileType = sourcecode.swift; path = AppDelegate.swift; sourceTree = "<group>"; };
		FEEE6BE329D6EA14003F89D3 /* SceneDelegate.swift */ = {isa = PBXFileReference; lastKnownFileType = sourcecode.swift; path = SceneDelegate.swift; sourceTree = "<group>"; };
		FEEE6BE529D6EA14003F89D3 /* GameListViewController.swift */ = {isa = PBXFileReference; lastKnownFileType = sourcecode.swift; path = GameListViewController.swift; sourceTree = "<group>"; };
		FEEE6BEA29D6EA16003F89D3 /* Assets.xcassets */ = {isa = PBXFileReference; lastKnownFileType = folder.assetcatalog; path = Assets.xcassets; sourceTree = "<group>"; };
		FEEE6BEF29D6EA16003F89D3 /* Info.plist */ = {isa = PBXFileReference; lastKnownFileType = text.plist.xml; path = Info.plist; sourceTree = "<group>"; };
		FEEE6BF929D6EFC5003F89D3 /* APIManager.swift */ = {isa = PBXFileReference; lastKnownFileType = sourcecode.swift; path = APIManager.swift; sourceTree = "<group>"; };
		FEEE6BFC29D6F000003F89D3 /* Game.swift */ = {isa = PBXFileReference; lastKnownFileType = sourcecode.swift; path = Game.swift; sourceTree = "<group>"; };
		FEEE6BFE29D6F037003F89D3 /* Genre.swift */ = {isa = PBXFileReference; lastKnownFileType = sourcecode.swift; path = Genre.swift; sourceTree = "<group>"; };
		FEEE6C0029D6F17C003F89D3 /* GameResponse.swift */ = {isa = PBXFileReference; lastKnownFileType = sourcecode.swift; path = GameResponse.swift; sourceTree = "<group>"; };
		FEEE6C0329D6F438003F89D3 /* GameDetailsViewController.swift */ = {isa = PBXFileReference; lastKnownFileType = sourcecode.swift; path = GameDetailsViewController.swift; sourceTree = "<group>"; };
		FEEE6C0529D6FAC6003F89D3 /* OnboardingViewController.swift */ = {isa = PBXFileReference; lastKnownFileType = sourcecode.swift; path = OnboardingViewController.swift; sourceTree = "<group>"; };
		FEEE6C0729D6FEAE003F89D3 /* SettingsViewController.swift */ = {isa = PBXFileReference; lastKnownFileType = sourcecode.swift; path = SettingsViewController.swift; sourceTree = "<group>"; };
		FEEE6C0929D702D6003F89D3 /* UserSettings.swift */ = {isa = PBXFileReference; lastKnownFileType = sourcecode.swift; path = UserSettings.swift; sourceTree = "<group>"; };
/* End PBXFileReference section */

/* Begin PBXFrameworksBuildPhase section */
		FEEE6BDB29D6EA14003F89D3 /* Frameworks */ = {
			isa = PBXFrameworksBuildPhase;
			buildActionMask = 2147483647;
			files = (
				FEEE6BF729D6EEF9003F89D3 /* SnapKit in Frameworks */,
			);
			runOnlyForDeploymentPostprocessing = 0;
		};
/* End PBXFrameworksBuildPhase section */

/* Begin PBXGroup section */
		FEEE6BD529D6EA14003F89D3 = {
			isa = PBXGroup;
			children = (
				FEEE6BE029D6EA14003F89D3 /* SearchGamesApp */,
				FEEE6BDF29D6EA14003F89D3 /* Products */,
			);
			sourceTree = "<group>";
		};
		FEEE6BDF29D6EA14003F89D3 /* Products */ = {
			isa = PBXGroup;
			children = (
				FEEE6BDE29D6EA14003F89D3 /* SearchGamesApp.app */,
			);
			name = Products;
			sourceTree = "<group>";
		};
		FEEE6BE029D6EA14003F89D3 /* SearchGamesApp */ = {
			isa = PBXGroup;
			children = (
				FEEE6C0229D6F426003F89D3 /* ViewControllers */,
				FEEE6BFB29D6EFF8003F89D3 /* Models */,
				FEEE6BF829D6EF9B003F89D3 /* Services */,
				FEEE6BE129D6EA14003F89D3 /* AppDelegate.swift */,
				FEEE6BE329D6EA14003F89D3 /* SceneDelegate.swift */,
				FEEE6BEA29D6EA16003F89D3 /* Assets.xcassets */,
				FEEE6BEF29D6EA16003F89D3 /* Info.plist */,
			);
			path = SearchGamesApp;
			sourceTree = "<group>";
		};
		FEEE6BF829D6EF9B003F89D3 /* Services */ = {
			isa = PBXGroup;
			children = (
				FEEE6BF929D6EFC5003F89D3 /* APIManager.swift */,
			);
			path = Services;
			sourceTree = "<group>";
		};
		FEEE6BFB29D6EFF8003F89D3 /* Models */ = {
			isa = PBXGroup;
			children = (
				FEEE6BFC29D6F000003F89D3 /* Game.swift */,
				FEEE6BFE29D6F037003F89D3 /* Genre.swift */,
				FEEE6C0029D6F17C003F89D3 /* GameResponse.swift */,
				FEEE6C0929D702D6003F89D3 /* UserSettings.swift */,
			);
			path = Models;
			sourceTree = "<group>";
		};
		FEEE6C0229D6F426003F89D3 /* ViewControllers */ = {
			isa = PBXGroup;
			children = (
				FEEE6BE529D6EA14003F89D3 /* GameListViewController.swift */,
				FEEE6C0329D6F438003F89D3 /* GameDetailsViewController.swift */,
				FEEE6C0529D6FAC6003F89D3 /* OnboardingViewController.swift */,
				FEEE6C0729D6FEAE003F89D3 /* SettingsViewController.swift */,
			);
			path = ViewControllers;
			sourceTree = "<group>";
		};
/* End PBXGroup section */

/* Begin PBXNativeTarget section */
		FEEE6BDD29D6EA14003F89D3 /* SearchGamesApp */ = {
			isa = PBXNativeTarget;
			buildConfigurationList = FEEE6BF229D6EA16003F89D3 /* Build configuration list for PBXNativeTarget "SearchGamesApp" */;
			buildPhases = (
				FEEE6BDA29D6EA14003F89D3 /* Sources */,
				FEEE6BDB29D6EA14003F89D3 /* Frameworks */,
				FEEE6BDC29D6EA14003F89D3 /* Resources */,
			);
			buildRules = (
			);
			dependencies = (
			);
			name = SearchGamesApp;
			packageProductDependencies = (
				FEEE6BF629D6EEF9003F89D3 /* SnapKit */,
			);
			productName = SearchGamesApp;
			productReference = FEEE6BDE29D6EA14003F89D3 /* SearchGamesApp.app */;
			productType = "com.apple.product-type.application";
		};
/* End PBXNativeTarget section */

/* Begin PBXProject section */
		FEEE6BD629D6EA14003F89D3 /* Project object */ = {
			isa = PBXProject;
			attributes = {
				BuildIndependentTargetsInParallel = 1;
				LastSwiftUpdateCheck = 1420;
				LastUpgradeCheck = 1420;
				TargetAttributes = {
					FEEE6BDD29D6EA14003F89D3 = {
						CreatedOnToolsVersion = 14.2;
					};
				};
			};
			buildConfigurationList = FEEE6BD929D6EA14003F89D3 /* Build configuration list for PBXProject "SearchGamesApp" */;
			compatibilityVersion = "Xcode 14.0";
			developmentRegion = en;
			hasScannedForEncodings = 0;
			knownRegions = (
				en,
				Base,
			);
			mainGroup = FEEE6BD529D6EA14003F89D3;
			packageReferences = (
				FEEE6BF529D6EEF8003F89D3 /* XCRemoteSwiftPackageReference "SnapKit" */,
			);
			productRefGroup = FEEE6BDF29D6EA14003F89D3 /* Products */;
			projectDirPath = "";
			projectRoot = "";
			targets = (
				FEEE6BDD29D6EA14003F89D3 /* SearchGamesApp */,
			);
		};
/* End PBXProject section */

/* Begin PBXResourcesBuildPhase section */
		FEEE6BDC29D6EA14003F89D3 /* Resources */ = {
			isa = PBXResourcesBuildPhase;
			buildActionMask = 2147483647;
			files = (
				FEEE6BEB29D6EA16003F89D3 /* Assets.xcassets in Resources */,
			);
			runOnlyForDeploymentPostprocessing = 0;
		};
/* End PBXResourcesBuildPhase section */

/* Begin PBXSourcesBuildPhase section */
		FEEE6BDA29D6EA14003F89D3 /* Sources */ = {
			isa = PBXSourcesBuildPhase;
			buildActionMask = 2147483647;
			files = (
				FEEE6BFA29D6EFC5003F89D3 /* APIManager.swift in Sources */,
				FEEE6C0429D6F438003F89D3 /* GameDetailsViewController.swift in Sources */,
				FEEE6BFD29D6F000003F89D3 /* Game.swift in Sources */,
				FEEE6C0829D6FEAE003F89D3 /* SettingsViewController.swift in Sources */,
				FEEE6BE629D6EA14003F89D3 /* GameListViewController.swift in Sources */,
				FEEE6BFF29D6F037003F89D3 /* Genre.swift in Sources */,
				FEEE6C0129D6F17C003F89D3 /* GameResponse.swift in Sources */,
				FEEE6BE229D6EA14003F89D3 /* AppDelegate.swift in Sources */,
				FEEE6C0629D6FAC6003F89D3 /* OnboardingViewController.swift in Sources */,
				FEEE6BE429D6EA14003F89D3 /* SceneDelegate.swift in Sources */,
				FEEE6C0A29D702D6003F89D3 /* UserSettings.swift in Sources */,
			);
			runOnlyForDeploymentPostprocessing = 0;
		};
/* End PBXSourcesBuildPhase section */

/* Begin XCBuildConfiguration section */
		FEEE6BF029D6EA16003F89D3 /* Debug */ = {
			isa = XCBuildConfiguration;
			buildSettings = {
				ALWAYS_SEARCH_USER_PATHS = NO;
				CLANG_ANALYZER_NONNULL = YES;
				CLANG_ANALYZER_NUMBER_OBJECT_CONVERSION = YES_AGGRESSIVE;
				CLANG_CXX_LANGUAGE_STANDARD = "gnu++20";
				CLANG_ENABLE_MODULES = YES;
				CLANG_ENABLE_OBJC_ARC = YES;
				CLANG_ENABLE_OBJC_WEAK = YES;
				CLANG_WARN_BLOCK_CAPTURE_AUTORELEASING = YES;
				CLANG_WARN_BOOL_CONVERSION = YES;
				CLANG_WARN_COMMA = YES;
				CLANG_WARN_CONSTANT_CONVERSION = YES;
				CLANG_WARN_DEPRECATED_OBJC_IMPLEMENTATIONS = YES;
				CLANG_WARN_DIRECT_OBJC_ISA_USAGE = YES_ERROR;
				CLANG_WARN_DOCUMENTATION_COMMENTS = YES;
				CLANG_WARN_EMPTY_BODY = YES;
				CLANG_WARN_ENUM_CONVERSION = YES;
				CLANG_WARN_INFINITE_RECURSION = YES;
				CLANG_WARN_INT_CONVERSION = YES;
				CLANG_WARN_NON_LITERAL_NULL_CONVERSION = YES;
				CLANG_WARN_OBJC_IMPLICIT_RETAIN_SELF = YES;
				CLANG_WARN_OBJC_LITERAL_CONVERSION = YES;
				CLANG_WARN_OBJC_ROOT_CLASS = YES_ERROR;
				CLANG_WARN_QUOTED_INCLUDE_IN_FRAMEWORK_HEADER = YES;
				CLANG_WARN_RANGE_LOOP_ANALYSIS = YES;
				CLANG_WARN_STRICT_PROTOTYPES = YES;
				CLANG_WARN_SUSPICIOUS_MOVE = YES;
				CLANG_WARN_UNGUARDED_AVAILABILITY = YES_AGGRESSIVE;
				CLANG_WARN_UNREACHABLE_CODE = YES;
				CLANG_WARN__DUPLICATE_METHOD_MATCH = YES;
				COPY_PHASE_STRIP = NO;
				DEBUG_INFORMATION_FORMAT = dwarf;
				ENABLE_STRICT_OBJC_MSGSEND = YES;
				ENABLE_TESTABILITY = YES;
				GCC_C_LANGUAGE_STANDARD = gnu11;
				GCC_DYNAMIC_NO_PIC = NO;
				GCC_NO_COMMON_BLOCKS = YES;
				GCC_OPTIMIZATION_LEVEL = 0;
				GCC_PREPROCESSOR_DEFINITIONS = (
					"DEBUG=1",
					"$(inherited)",
				);
				GCC_WARN_64_TO_32_BIT_CONVERSION = YES;
				GCC_WARN_ABOUT_RETURN_TYPE = YES_ERROR;
				GCC_WARN_UNDECLARED_SELECTOR = YES;
				GCC_WARN_UNINITIALIZED_AUTOS = YES_AGGRESSIVE;
				GCC_WARN_UNUSED_FUNCTION = YES;
				GCC_WARN_UNUSED_VARIABLE = YES;
				IPHONEOS_DEPLOYMENT_TARGET = 16.2;
				MTL_ENABLE_DEBUG_INFO = INCLUDE_SOURCE;
				MTL_FAST_MATH = YES;
				ONLY_ACTIVE_ARCH = YES;
				SDKROOT = iphoneos;
				SWIFT_ACTIVE_COMPILATION_CONDITIONS = DEBUG;
				SWIFT_OPTIMIZATION_LEVEL = "-Onone";
			};
			name = Debug;
		};
		FEEE6BF129D6EA16003F89D3 /* Release */ = {
			isa = XCBuildConfiguration;
			buildSettings = {
				ALWAYS_SEARCH_USER_PATHS = NO;
				CLANG_ANALYZER_NONNULL = YES;
				CLANG_ANALYZER_NUMBER_OBJECT_CONVERSION = YES_AGGRESSIVE;
				CLANG_CXX_LANGUAGE_STANDARD = "gnu++20";
				CLANG_ENABLE_MODULES = YES;
				CLANG_ENABLE_OBJC_ARC = YES;
				CLANG_ENABLE_OBJC_WEAK = YES;
				CLANG_WARN_BLOCK_CAPTURE_AUTORELEASING = YES;
				CLANG_WARN_BOOL_CONVERSION = YES;
				CLANG_WARN_COMMA = YES;
				CLANG_WARN_CONSTANT_CONVERSION = YES;
				CLANG_WARN_DEPRECATED_OBJC_IMPLEMENTATIONS = YES;
				CLANG_WARN_DIRECT_OBJC_ISA_USAGE = YES_ERROR;
				CLANG_WARN_DOCUMENTATION_COMMENTS = YES;
				CLANG_WARN_EMPTY_BODY = YES;
				CLANG_WARN_ENUM_CONVERSION = YES;
				CLANG_WARN_INFINITE_RECURSION = YES;
				CLANG_WARN_INT_CONVERSION = YES;
				CLANG_WARN_NON_LITERAL_NULL_CONVERSION = YES;
				CLANG_WARN_OBJC_IMPLICIT_RETAIN_SELF = YES;
				CLANG_WARN_OBJC_LITERAL_CONVERSION = YES;
				CLANG_WARN_OBJC_ROOT_CLASS = YES_ERROR;
				CLANG_WARN_QUOTED_INCLUDE_IN_FRAMEWORK_HEADER = YES;
				CLANG_WARN_RANGE_LOOP_ANALYSIS = YES;
				CLANG_WARN_STRICT_PROTOTYPES = YES;
				CLANG_WARN_SUSPICIOUS_MOVE = YES;
				CLANG_WARN_UNGUARDED_AVAILABILITY = YES_AGGRESSIVE;
				CLANG_WARN_UNREACHABLE_CODE = YES;
				CLANG_WARN__DUPLICATE_METHOD_MATCH = YES;
				COPY_PHASE_STRIP = NO;
				DEBUG_INFORMATION_FORMAT = "dwarf-with-dsym";
				ENABLE_NS_ASSERTIONS = NO;
				ENABLE_STRICT_OBJC_MSGSEND = YES;
				GCC_C_LANGUAGE_STANDARD = gnu11;
				GCC_NO_COMMON_BLOCKS = YES;
				GCC_WARN_64_TO_32_BIT_CONVERSION = YES;
				GCC_WARN_ABOUT_RETURN_TYPE = YES_ERROR;
				GCC_WARN_UNDECLARED_SELECTOR = YES;
				GCC_WARN_UNINITIALIZED_AUTOS = YES_AGGRESSIVE;
				GCC_WARN_UNUSED_FUNCTION = YES;
				GCC_WARN_UNUSED_VARIABLE = YES;
				IPHONEOS_DEPLOYMENT_TARGET = 16.2;
				MTL_ENABLE_DEBUG_INFO = NO;
				MTL_FAST_MATH = YES;
				SDKROOT = iphoneos;
				SWIFT_COMPILATION_MODE = wholemodule;
				SWIFT_OPTIMIZATION_LEVEL = "-O";
				VALIDATE_PRODUCT = YES;
			};
			name = Release;
		};
		FEEE6BF329D6EA16003F89D3 /* Debug */ = {
			isa = XCBuildConfiguration;
			buildSettings = {
				ASSETCATALOG_COMPILER_APPICON_NAME = AppIcon;
				ASSETCATALOG_COMPILER_GLOBAL_ACCENT_COLOR_NAME = AccentColor;
				CODE_SIGN_STYLE = Automatic;
				CURRENT_PROJECT_VERSION = 1;
				DEVELOPMENT_TEAM = 39MW6K2T7Z;
				GENERATE_INFOPLIST_FILE = YES;
				INFOPLIST_FILE = SearchGamesApp/Info.plist;
				INFOPLIST_KEY_UIApplicationSupportsIndirectInputEvents = YES;
				INFOPLIST_KEY_UILaunchStoryboardName = LaunchScreen;
				INFOPLIST_KEY_UIMainStoryboardFile = "";
				INFOPLIST_KEY_UISupportedInterfaceOrientations_iPad = "UIInterfaceOrientationPortrait UIInterfaceOrientationPortraitUpsideDown UIInterfaceOrientationLandscapeLeft UIInterfaceOrientationLandscapeRight";
				INFOPLIST_KEY_UISupportedInterfaceOrientations_iPhone = "UIInterfaceOrientationPortrait UIInterfaceOrientationLandscapeLeft UIInterfaceOrientationLandscapeRight";
				LD_RUNPATH_SEARCH_PATHS = (
					"$(inherited)",
					"@executable_path/Frameworks",
				);
				MARKETING_VERSION = 1.0;
				PRODUCT_BUNDLE_IDENTIFIER = marko.com.SearchGamesApp;
				PRODUCT_NAME = "$(TARGET_NAME)";
				SWIFT_EMIT_LOC_STRINGS = YES;
				SWIFT_VERSION = 5.0;
				TARGETED_DEVICE_FAMILY = "1,2";
			};
			name = Debug;
		};
		FEEE6BF429D6EA16003F89D3 /* Release */ = {
			isa = XCBuildConfiguration;
			buildSettings = {
				ASSETCATALOG_COMPILER_APPICON_NAME = AppIcon;
				ASSETCATALOG_COMPILER_GLOBAL_ACCENT_COLOR_NAME = AccentColor;
				CODE_SIGN_STYLE = Automatic;
				CURRENT_PROJECT_VERSION = 1;
				DEVELOPMENT_TEAM = 39MW6K2T7Z;
				GENERATE_INFOPLIST_FILE = YES;
				INFOPLIST_FILE = SearchGamesApp/Info.plist;
				INFOPLIST_KEY_UIApplicationSupportsIndirectInputEvents = YES;
				INFOPLIST_KEY_UILaunchStoryboardName = LaunchScreen;
				INFOPLIST_KEY_UIMainStoryboardFile = "";
				INFOPLIST_KEY_UISupportedInterfaceOrientations_iPad = "UIInterfaceOrientationPortrait UIInterfaceOrientationPortraitUpsideDown UIInterfaceOrientationLandscapeLeft UIInterfaceOrientationLandscapeRight";
				INFOPLIST_KEY_UISupportedInterfaceOrientations_iPhone = "UIInterfaceOrientationPortrait UIInterfaceOrientationLandscapeLeft UIInterfaceOrientationLandscapeRight";
				LD_RUNPATH_SEARCH_PATHS = (
					"$(inherited)",
					"@executable_path/Frameworks",
				);
				MARKETING_VERSION = 1.0;
				PRODUCT_BUNDLE_IDENTIFIER = marko.com.SearchGamesApp;
				PRODUCT_NAME = "$(TARGET_NAME)";
				SWIFT_EMIT_LOC_STRINGS = YES;
				SWIFT_VERSION = 5.0;
				TARGETED_DEVICE_FAMILY = "1,2";
			};
			name = Release;
		};
/* End XCBuildConfiguration section */

/* Begin XCConfigurationList section */
		FEEE6BD929D6EA14003F89D3 /* Build configuration list for PBXProject "SearchGamesApp" */ = {
			isa = XCConfigurationList;
			buildConfigurations = (
				FEEE6BF029D6EA16003F89D3 /* Debug */,
				FEEE6BF129D6EA16003F89D3 /* Release */,
			);
			defaultConfigurationIsVisible = 0;
			defaultConfigurationName = Release;
		};
		FEEE6BF229D6EA16003F89D3 /* Build configuration list for PBXNativeTarget "SearchGamesApp" */ = {
			isa = XCConfigurationList;
			buildConfigurations = (
				FEEE6BF329D6EA16003F89D3 /* Debug */,
				FEEE6BF429D6EA16003F89D3 /* Release */,
			);
			defaultConfigurationIsVisible = 0;
			defaultConfigurationName = Release;
		};
/* End XCConfigurationList section */

/* Begin XCRemoteSwiftPackageReference section */
		FEEE6BF529D6EEF8003F89D3 /* XCRemoteSwiftPackageReference "SnapKit" */ = {
			isa = XCRemoteSwiftPackageReference;
			repositoryURL = "https://github.com/SnapKit/SnapKit.git";
			requirement = {
				branch = develop;
				kind = branch;
			};
		};
/* End XCRemoteSwiftPackageReference section */

/* Begin XCSwiftPackageProductDependency section */
		FEEE6BF629D6EEF9003F89D3 /* SnapKit */ = {
			isa = XCSwiftPackageProductDependency;
			package = FEEE6BF529D6EEF8003F89D3 /* XCRemoteSwiftPackageReference "SnapKit" */;
			productName = SnapKit;
		};
/* End XCSwiftPackageProductDependency section */
	};
	rootObject = FEEE6BD629D6EA14003F89D3 /* Project object */;
}
